// !$*UTF8*$!
{
	archiveVersion = 1;
	classes = {
	};
	objectVersion = 48;
	objects = {

/* Begin PBXBuildFile section */
		6F3C4D76206FBD5B00F8B74C /* AppDelegate.swift in Sources */ = {isa = PBXBuildFile; fileRef = 6F3C4D75206FBD5B00F8B74C /* AppDelegate.swift */; };
		6F3C4D78206FBD5B00F8B74C /* ViewController.swift in Sources */ = {isa = PBXBuildFile; fileRef = 6F3C4D77206FBD5B00F8B74C /* ViewController.swift */; };
		6F3C4D7B206FBD5B00F8B74C /* Main.storyboard in Resources */ = {isa = PBXBuildFile; fileRef = 6F3C4D79206FBD5B00F8B74C /* Main.storyboard */; };
		6F3C4D7E206FBD5B00F8B74C /* HourOfCode.xcdatamodeld in Sources */ = {isa = PBXBuildFile; fileRef = 6F3C4D7C206FBD5B00F8B74C /* HourOfCode.xcdatamodeld */; };
		6F3C4D80206FBD5B00F8B74C /* Assets.xcassets in Resources */ = {isa = PBXBuildFile; fileRef = 6F3C4D7F206FBD5B00F8B74C /* Assets.xcassets */; };
		6F3C4D83206FBD5B00F8B74C /* LaunchScreen.storyboard in Resources */ = {isa = PBXBuildFile; fileRef = 6F3C4D81206FBD5B00F8B74C /* LaunchScreen.storyboard */; };
		6F3C4D8E206FBD5B00F8B74C /* HourOfCodeTests.swift in Sources */ = {isa = PBXBuildFile; fileRef = 6F3C4D8D206FBD5B00F8B74C /* HourOfCodeTests.swift */; };
		6F3C4D99206FBD5B00F8B74C /* HourOfCodeUITests.swift in Sources */ = {isa = PBXBuildFile; fileRef = 6F3C4D98206FBD5B00F8B74C /* HourOfCodeUITests.swift */; };
/* End PBXBuildFile section */

/* Begin PBXContainerItemProxy section */
		6F3C4D8A206FBD5B00F8B74C /* PBXContainerItemProxy */ = {
			isa = PBXContainerItemProxy;
			containerPortal = 6F3C4D6A206FBD5B00F8B74C /* Project object */;
			proxyType = 1;
			remoteGlobalIDString = 6F3C4D71206FBD5B00F8B74C;
			remoteInfo = HourOfCode;
		};
		6F3C4D95206FBD5B00F8B74C /* PBXContainerItemProxy */ = {
			isa = PBXContainerItemProxy;
			containerPortal = 6F3C4D6A206FBD5B00F8B74C /* Project object */;
			proxyType = 1;
			remoteGlobalIDString = 6F3C4D71206FBD5B00F8B74C;
			remoteInfo = HourOfCode;
		};
/* End PBXContainerItemProxy section */

/* Begin PBXFileReference section */
		6F3C4D72206FBD5B00F8B74C /* HourOfCode.app */ = {isa = PBXFileReference; explicitFileType = wrapper.application; includeInIndex = 0; path = HourOfCode.app; sourceTree = BUILT_PRODUCTS_DIR; };
		6F3C4D75206FBD5B00F8B74C /* AppDelegate.swift */ = {isa = PBXFileReference; lastKnownFileType = sourcecode.swift; path = AppDelegate.swift; sourceTree = "<group>"; };
		6F3C4D77206FBD5B00F8B74C /* ViewController.swift */ = {isa = PBXFileReference; lastKnownFileType = sourcecode.swift; path = ViewController.swift; sourceTree = "<group>"; };
		6F3C4D7A206FBD5B00F8B74C /* Base */ = {isa = PBXFileReference; lastKnownFileType = file.storyboard; name = Base; path = Base.lproj/Main.storyboard; sourceTree = "<group>"; };
		6F3C4D7D206FBD5B00F8B74C /* HourOfCode.xcdatamodel */ = {isa = PBXFileReference; lastKnownFileType = wrapper.xcdatamodel; path = HourOfCode.xcdatamodel; sourceTree = "<group>"; };
		6F3C4D7F206FBD5B00F8B74C /* Assets.xcassets */ = {isa = PBXFileReference; lastKnownFileType = folder.assetcatalog; path = Assets.xcassets; sourceTree = "<group>"; };
		6F3C4D82206FBD5B00F8B74C /* Base */ = {isa = PBXFileReference; lastKnownFileType = file.storyboard; name = Base; path = Base.lproj/LaunchScreen.storyboard; sourceTree = "<group>"; };
		6F3C4D84206FBD5B00F8B74C /* Info.plist */ = {isa = PBXFileReference; lastKnownFileType = text.plist.xml; path = Info.plist; sourceTree = "<group>"; };
		6F3C4D89206FBD5B00F8B74C /* HourOfCodeTests.xctest */ = {isa = PBXFileReference; explicitFileType = wrapper.cfbundle; includeInIndex = 0; path = HourOfCodeTests.xctest; sourceTree = BUILT_PRODUCTS_DIR; };
		6F3C4D8D206FBD5B00F8B74C /* HourOfCodeTests.swift */ = {isa = PBXFileReference; lastKnownFileType = sourcecode.swift; path = HourOfCodeTests.swift; sourceTree = "<group>"; };
		6F3C4D8F206FBD5B00F8B74C /* Info.plist */ = {isa = PBXFileReference; lastKnownFileType = text.plist.xml; path = Info.plist; sourceTree = "<group>"; };
		6F3C4D94206FBD5B00F8B74C /* HourOfCodeUITests.xctest */ = {isa = PBXFileReference; explicitFileType = wrapper.cfbundle; includeInIndex = 0; path = HourOfCodeUITests.xctest; sourceTree = BUILT_PRODUCTS_DIR; };
		6F3C4D98206FBD5B00F8B74C /* HourOfCodeUITests.swift */ = {isa = PBXFileReference; lastKnownFileType = sourcecode.swift; path = HourOfCodeUITests.swift; sourceTree = "<group>"; };
		6F3C4D9A206FBD5B00F8B74C /* Info.plist */ = {isa = PBXFileReference; lastKnownFileType = text.plist.xml; path = Info.plist; sourceTree = "<group>"; };
/* End PBXFileReference section */

/* Begin PBXFrameworksBuildPhase section */
		6F3C4D6F206FBD5B00F8B74C /* Frameworks */ = {
			isa = PBXFrameworksBuildPhase;
			buildActionMask = 2147483647;
			files = (
			);
			runOnlyForDeploymentPostprocessing = 0;
		};
		6F3C4D86206FBD5B00F8B74C /* Frameworks */ = {
			isa = PBXFrameworksBuildPhase;
			buildActionMask = 2147483647;
			files = (
			);
			runOnlyForDeploymentPostprocessing = 0;
		};
		6F3C4D91206FBD5B00F8B74C /* Frameworks */ = {
			isa = PBXFrameworksBuildPhase;
			buildActionMask = 2147483647;
			files = (
			);
			runOnlyForDeploymentPostprocessing = 0;
		};
/* End PBXFrameworksBuildPhase section */

/* Begin PBXGroup section */
		6F3C4D69206FBD5B00F8B74C = {
			isa = PBXGroup;
			children = (
				6F3C4D74206FBD5B00F8B74C /* HourOfCode */,
				6F3C4D8C206FBD5B00F8B74C /* HourOfCodeTests */,
				6F3C4D97206FBD5B00F8B74C /* HourOfCodeUITests */,
				6F3C4D73206FBD5B00F8B74C /* Products */,
			);
			sourceTree = "<group>";
		};
		6F3C4D73206FBD5B00F8B74C /* Products */ = {
			isa = PBXGroup;
			children = (
				6F3C4D72206FBD5B00F8B74C /* HourOfCode.app */,
				6F3C4D89206FBD5B00F8B74C /* HourOfCodeTests.xctest */,
				6F3C4D94206FBD5B00F8B74C /* HourOfCodeUITests.xctest */,
			);
			name = Products;
			sourceTree = "<group>";
		};
		6F3C4D74206FBD5B00F8B74C /* HourOfCode */ = {
			isa = PBXGroup;
			children = (
				6F3C4D75206FBD5B00F8B74C /* AppDelegate.swift */,
				6F3C4D77206FBD5B00F8B74C /* ViewController.swift */,
				6F3C4D79206FBD5B00F8B74C /* Main.storyboard */,
				6F3C4D7F206FBD5B00F8B74C /* Assets.xcassets */,
				6F3C4D81206FBD5B00F8B74C /* LaunchScreen.storyboard */,
				6F3C4D84206FBD5B00F8B74C /* Info.plist */,
				6F3C4D7C206FBD5B00F8B74C /* HourOfCode.xcdatamodeld */,
			);
			path = HourOfCode;
			sourceTree = "<group>";
		};
		6F3C4D8C206FBD5B00F8B74C /* HourOfCodeTests */ = {
			isa = PBXGroup;
			children = (
				6F3C4D8D206FBD5B00F8B74C /* HourOfCodeTests.swift */,
				6F3C4D8F206FBD5B00F8B74C /* Info.plist */,
			);
			path = HourOfCodeTests;
			sourceTree = "<group>";
		};
		6F3C4D97206FBD5B00F8B74C /* HourOfCodeUITests */ = {
			isa = PBXGroup;
			children = (
				6F3C4D98206FBD5B00F8B74C /* HourOfCodeUITests.swift */,
				6F3C4D9A206FBD5B00F8B74C /* Info.plist */,
			);
			path = HourOfCodeUITests;
			sourceTree = "<group>";
		};
/* End PBXGroup section */

/* Begin PBXNativeTarget section */
		6F3C4D71206FBD5B00F8B74C /* HourOfCode */ = {
			isa = PBXNativeTarget;
			buildConfigurationList = 6F3C4D9D206FBD5B00F8B74C /* Build configuration list for PBXNativeTarget "HourOfCode" */;
			buildPhases = (
				6F3C4D6E206FBD5B00F8B74C /* Sources */,
				6F3C4D6F206FBD5B00F8B74C /* Frameworks */,
				6F3C4D70206FBD5B00F8B74C /* Resources */,
			);
			buildRules = (
			);
			dependencies = (
			);
			name = HourOfCode;
			productName = HourOfCode;
			productReference = 6F3C4D72206FBD5B00F8B74C /* HourOfCode.app */;
			productType = "com.apple.product-type.application";
		};
		6F3C4D88206FBD5B00F8B74C /* HourOfCodeTests */ = {
			isa = PBXNativeTarget;
			buildConfigurationList = 6F3C4DA0206FBD5B00F8B74C /* Build configuration list for PBXNativeTarget "HourOfCodeTests" */;
			buildPhases = (
				6F3C4D85206FBD5B00F8B74C /* Sources */,
				6F3C4D86206FBD5B00F8B74C /* Frameworks */,
				6F3C4D87206FBD5B00F8B74C /* Resources */,
			);
			buildRules = (
			);
			dependencies = (
				6F3C4D8B206FBD5B00F8B74C /* PBXTargetDependency */,
			);
			name = HourOfCodeTests;
			productName = HourOfCodeTests;
			productReference = 6F3C4D89206FBD5B00F8B74C /* HourOfCodeTests.xctest */;
			productType = "com.apple.product-type.bundle.unit-test";
		};
		6F3C4D93206FBD5B00F8B74C /* HourOfCodeUITests */ = {
			isa = PBXNativeTarget;
			buildConfigurationList = 6F3C4DA3206FBD5B00F8B74C /* Build configuration list for PBXNativeTarget "HourOfCodeUITests" */;
			buildPhases = (
				6F3C4D90206FBD5B00F8B74C /* Sources */,
				6F3C4D91206FBD5B00F8B74C /* Frameworks */,
				6F3C4D92206FBD5B00F8B74C /* Resources */,
			);
			buildRules = (
			);
			dependencies = (
				6F3C4D96206FBD5B00F8B74C /* PBXTargetDependency */,
			);
			name = HourOfCodeUITests;
			productName = HourOfCodeUITests;
			productReference = 6F3C4D94206FBD5B00F8B74C /* HourOfCodeUITests.xctest */;
			productType = "com.apple.product-type.bundle.ui-testing";
		};
/* End PBXNativeTarget section */

/* Begin PBXProject section */
		6F3C4D6A206FBD5B00F8B74C /* Project object */ = {
			isa = PBXProject;
			attributes = {
				LastSwiftUpdateCheck = 0920;
				LastUpgradeCheck = 0920;
				ORGANIZATIONNAME = "Roksolana Kosiv";
				TargetAttributes = {
					6F3C4D71206FBD5B00F8B74C = {
						CreatedOnToolsVersion = 9.2;
						ProvisioningStyle = Automatic;
					};
					6F3C4D88206FBD5B00F8B74C = {
						CreatedOnToolsVersion = 9.2;
						ProvisioningStyle = Automatic;
						TestTargetID = 6F3C4D71206FBD5B00F8B74C;
					};
					6F3C4D93206FBD5B00F8B74C = {
						CreatedOnToolsVersion = 9.2;
						ProvisioningStyle = Automatic;
						TestTargetID = 6F3C4D71206FBD5B00F8B74C;
					};
				};
			};
			buildConfigurationList = 6F3C4D6D206FBD5B00F8B74C /* Build configuration list for PBXProject "HourOfCode" */;
			compatibilityVersion = "Xcode 8.0";
			developmentRegion = en;
			hasScannedForEncodings = 0;
			knownRegions = (
				en,
				Base,
			);
			mainGroup = 6F3C4D69206FBD5B00F8B74C;
			productRefGroup = 6F3C4D73206FBD5B00F8B74C /* Products */;
			projectDirPath = "";
			projectRoot = "";
			targets = (
				6F3C4D71206FBD5B00F8B74C /* HourOfCode */,
				6F3C4D88206FBD5B00F8B74C /* HourOfCodeTests */,
				6F3C4D93206FBD5B00F8B74C /* HourOfCodeUITests */,
			);
		};
/* End PBXProject section */

/* Begin PBXResourcesBuildPhase section */
		6F3C4D70206FBD5B00F8B74C /* Resources */ = {
			isa = PBXResourcesBuildPhase;
			buildActionMask = 2147483647;
			files = (
				6F3C4D83206FBD5B00F8B74C /* LaunchScreen.storyboard in Resources */,
				6F3C4D80206FBD5B00F8B74C /* Assets.xcassets in Resources */,
				6F3C4D7B206FBD5B00F8B74C /* Main.storyboard in Resources */,
			);
			runOnlyForDeploymentPostprocessing = 0;
		};
		6F3C4D87206FBD5B00F8B74C /* Resources */ = {
			isa = PBXResourcesBuildPhase;
			buildActionMask = 2147483647;
			files = (
			);
			runOnlyForDeploymentPostprocessing = 0;
		};
		6F3C4D92206FBD5B00F8B74C /* Resources */ = {
			isa = PBXResourcesBuildPhase;
			buildActionMask = 2147483647;
			files = (
			);
			runOnlyForDeploymentPostprocessing = 0;
		};
/* End PBXResourcesBuildPhase section */

/* Begin PBXSourcesBuildPhase section */
		6F3C4D6E206FBD5B00F8B74C /* Sources */ = {
			isa = PBXSourcesBuildPhase;
			buildActionMask = 2147483647;
			files = (
				6F3C4D7E206FBD5B00F8B74C /* HourOfCode.xcdatamodeld in Sources */,
				6F3C4D78206FBD5B00F8B74C /* ViewController.swift in Sources */,
				6F3C4D76206FBD5B00F8B74C /* AppDelegate.swift in Sources */,
			);
			runOnlyForDeploymentPostprocessing = 0;
		};
		6F3C4D85206FBD5B00F8B74C /* Sources */ = {
			isa = PBXSourcesBuildPhase;
			buildActionMask = 2147483647;
			files = (
				6F3C4D8E206FBD5B00F8B74C /* HourOfCodeTests.swift in Sources */,
			);
			runOnlyForDeploymentPostprocessing = 0;
		};
		6F3C4D90206FBD5B00F8B74C /* Sources */ = {
			isa = PBXSourcesBuildPhase;
			buildActionMask = 2147483647;
			files = (
				6F3C4D99206FBD5B00F8B74C /* HourOfCodeUITests.swift in Sources */,
			);
			runOnlyForDeploymentPostprocessing = 0;
		};
/* End PBXSourcesBuildPhase section */

/* Begin PBXTargetDependency section */
		6F3C4D8B206FBD5B00F8B74C /* PBXTargetDependency */ = {
			isa = PBXTargetDependency;
			target = 6F3C4D71206FBD5B00F8B74C /* HourOfCode */;
			targetProxy = 6F3C4D8A206FBD5B00F8B74C /* PBXContainerItemProxy */;
		};
		6F3C4D96206FBD5B00F8B74C /* PBXTargetDependency */ = {
			isa = PBXTargetDependency;
			target = 6F3C4D71206FBD5B00F8B74C /* HourOfCode */;
			targetProxy = 6F3C4D95206FBD5B00F8B74C /* PBXContainerItemProxy */;
		};
/* End PBXTargetDependency section */

/* Begin PBXVariantGroup section */
		6F3C4D79206FBD5B00F8B74C /* Main.storyboard */ = {
			isa = PBXVariantGroup;
			children = (
				6F3C4D7A206FBD5B00F8B74C /* Base */,
			);
			name = Main.storyboard;
			sourceTree = "<group>";
		};
		6F3C4D81206FBD5B00F8B74C /* LaunchScreen.storyboard */ = {
			isa = PBXVariantGroup;
			children = (
				6F3C4D82206FBD5B00F8B74C /* Base */,
			);
			name = LaunchScreen.storyboard;
			sourceTree = "<group>";
		};
/* End PBXVariantGroup section */

/* Begin XCBuildConfiguration section */
		6F3C4D9B206FBD5B00F8B74C /* Debug */ = {
			isa = XCBuildConfiguration;
			buildSettings = {
				ALWAYS_SEARCH_USER_PATHS = NO;
				CLANG_ANALYZER_NONNULL = YES;
				CLANG_ANALYZER_NUMBER_OBJECT_CONVERSION = YES_AGGRESSIVE;
				CLANG_CXX_LANGUAGE_STANDARD = "gnu++14";
				CLANG_CXX_LIBRARY = "libc++";
				CLANG_ENABLE_MODULES = YES;
				CLANG_ENABLE_OBJC_ARC = YES;
				CLANG_WARN_BLOCK_CAPTURE_AUTORELEASING = YES;
				CLANG_WARN_BOOL_CONVERSION = YES;
				CLANG_WARN_COMMA = YES;
				CLANG_WARN_CONSTANT_CONVERSION = YES;
				CLANG_WARN_DIRECT_OBJC_ISA_USAGE = YES_ERROR;
				CLANG_WARN_DOCUMENTATION_COMMENTS = YES;
				CLANG_WARN_EMPTY_BODY = YES;
				CLANG_WARN_ENUM_CONVERSION = YES;
				CLANG_WARN_INFINITE_RECURSION = YES;
				CLANG_WARN_INT_CONVERSION = YES;
				CLANG_WARN_NON_LITERAL_NULL_CONVERSION = YES;
				CLANG_WARN_OBJC_LITERAL_CONVERSION = YES;
				CLANG_WARN_OBJC_ROOT_CLASS = YES_ERROR;
				CLANG_WARN_RANGE_LOOP_ANALYSIS = YES;
				CLANG_WARN_STRICT_PROTOTYPES = YES;
				CLANG_WARN_SUSPICIOUS_MOVE = YES;
				CLANG_WARN_UNGUARDED_AVAILABILITY = YES_AGGRESSIVE;
				CLANG_WARN_UNREACHABLE_CODE = YES;
				CLANG_WARN__DUPLICATE_METHOD_MATCH = YES;
				CODE_SIGN_IDENTITY = "iPhone Developer";
				COPY_PHASE_STRIP = NO;
				DEBUG_INFORMATION_FORMAT = dwarf;
				ENABLE_STRICT_OBJC_MSGSEND = YES;
				ENABLE_TESTABILITY = YES;
				GCC_C_LANGUAGE_STANDARD = gnu11;
				GCC_DYNAMIC_NO_PIC = NO;
				GCC_NO_COMMON_BLOCKS = YES;
				GCC_OPTIMIZATION_LEVEL = 0;
				GCC_PREPROCESSOR_DEFINITIONS = (
					"DEBUG=1",
					"$(inherited)",
				);
				GCC_WARN_64_TO_32_BIT_CONVERSION = YES;
				GCC_WARN_ABOUT_RETURN_TYPE = YES_ERROR;
				GCC_WARN_UNDECLARED_SELECTOR = YES;
				GCC_WARN_UNINITIALIZED_AUTOS = YES_AGGRESSIVE;
				GCC_WARN_UNUSED_FUNCTION = YES;
				GCC_WARN_UNUSED_VARIABLE = YES;
				IPHONEOS_DEPLOYMENT_TARGET = 11.2;
				MTL_ENABLE_DEBUG_INFO = YES;
				ONLY_ACTIVE_ARCH = YES;
				SDKROOT = iphoneos;
				SWIFT_ACTIVE_COMPILATION_CONDITIONS = DEBUG;
				SWIFT_OPTIMIZATION_LEVEL = "-Onone";
			};
			name = Debug;
		};
		6F3C4D9C206FBD5B00F8B74C /* Release */ = {
			isa = XCBuildConfiguration;
			buildSettings = {
				ALWAYS_SEARCH_USER_PATHS = NO;
				CLANG_ANALYZER_NONNULL = YES;
				CLANG_ANALYZER_NUMBER_OBJECT_CONVERSION = YES_AGGRESSIVE;
				CLANG_CXX_LANGUAGE_STANDARD = "gnu++14";
				CLANG_CXX_LIBRARY = "libc++";
				CLANG_ENABLE_MODULES = YES;
				CLANG_ENABLE_OBJC_ARC = YES;
				CLANG_WARN_BLOCK_CAPTURE_AUTORELEASING = YES;
				CLANG_WARN_BOOL_CONVERSION = YES;
				CLANG_WARN_COMMA = YES;
				CLANG_WARN_CONSTANT_CONVERSION = YES;
				CLANG_WARN_DIRECT_OBJC_ISA_USAGE = YES_ERROR;
				CLANG_WARN_DOCUMENTATION_COMMENTS = YES;
				CLANG_WARN_EMPTY_BODY = YES;
				CLANG_WARN_ENUM_CONVERSION = YES;
				CLANG_WARN_INFINITE_RECURSION = YES;
				CLANG_WARN_INT_CONVERSION = YES;
				CLANG_WARN_NON_LITERAL_NULL_CONVERSION = YES;
				CLANG_WARN_OBJC_LITERAL_CONVERSION = YES;
				CLANG_WARN_OBJC_ROOT_CLASS = YES_ERROR;
				CLANG_WARN_RANGE_LOOP_ANALYSIS = YES;
				CLANG_WARN_STRICT_PROTOTYPES = YES;
				CLANG_WARN_SUSPICIOUS_MOVE = YES;
				CLANG_WARN_UNGUARDED_AVAILABILITY = YES_AGGRESSIVE;
				CLANG_WARN_UNREACHABLE_CODE = YES;
				CLANG_WARN__DUPLICATE_METHOD_MATCH = YES;
				CODE_SIGN_IDENTITY = "iPhone Developer";
				COPY_PHASE_STRIP = NO;
				DEBUG_INFORMATION_FORMAT = "dwarf-with-dsym";
				ENABLE_NS_ASSERTIONS = NO;
				ENABLE_STRICT_OBJC_MSGSEND = YES;
				GCC_C_LANGUAGE_STANDARD = gnu11;
				GCC_NO_COMMON_BLOCKS = YES;
				GCC_WARN_64_TO_32_BIT_CONVERSION = YES;
				GCC_WARN_ABOUT_RETURN_TYPE = YES_ERROR;
				GCC_WARN_UNDECLARED_SELECTOR = YES;
				GCC_WARN_UNINITIALIZED_AUTOS = YES_AGGRESSIVE;
				GCC_WARN_UNUSED_FUNCTION = YES;
				GCC_WARN_UNUSED_VARIABLE = YES;
				IPHONEOS_DEPLOYMENT_TARGET = 11.2;
				MTL_ENABLE_DEBUG_INFO = NO;
				SDKROOT = iphoneos;
				SWIFT_OPTIMIZATION_LEVEL = "-Owholemodule";
				VALIDATE_PRODUCT = YES;
			};
			name = Release;
		};
		6F3C4D9E206FBD5B00F8B74C /* Debug */ = {
			isa = XCBuildConfiguration;
			buildSettings = {
				ASSETCATALOG_COMPILER_APPICON_NAME = AppIcon;
				CODE_SIGN_STYLE = Automatic;
				INFOPLIST_FILE = HourOfCode/Info.plist;
				LD_RUNPATH_SEARCH_PATHS = "$(inherited) @executable_path/Frameworks";
				PRODUCT_BUNDLE_IDENTIFIER = kosiv.roksolana.HourOfCode;
				PRODUCT_NAME = "$(TARGET_NAME)";
				SWIFT_VERSION = 4.0;
				TARGETED_DEVICE_FAMILY = "1,2";
			};
			name = Debug;
		};
		6F3C4D9F206FBD5B00F8B74C /* Release */ = {
			isa = XCBuildConfiguration;
			buildSettings = {
				ASSETCATALOG_COMPILER_APPICON_NAME = AppIcon;
				CODE_SIGN_STYLE = Automatic;
				INFOPLIST_FILE = HourOfCode/Info.plist;
				LD_RUNPATH_SEARCH_PATHS = "$(inherited) @executable_path/Frameworks";
				PRODUCT_BUNDLE_IDENTIFIER = kosiv.roksolana.HourOfCode;
				PRODUCT_NAME = "$(TARGET_NAME)";
				SWIFT_VERSION = 4.0;
				TARGETED_DEVICE_FAMILY = "1,2";
			};
			name = Release;
		};
		6F3C4DA1206FBD5B00F8B74C /* Debug */ = {
			isa = XCBuildConfiguration;
			buildSettings = {
				ALWAYS_EMBED_SWIFT_STANDARD_LIBRARIES = YES;
				BUNDLE_LOADER = "$(TEST_HOST)";
				CODE_SIGN_STYLE = Automatic;
				INFOPLIST_FILE = HourOfCodeTests/Info.plist;
				LD_RUNPATH_SEARCH_PATHS = "$(inherited) @executable_path/Frameworks @loader_path/Frameworks";
				PRODUCT_BUNDLE_IDENTIFIER = kosiv.roksolana.HourOfCodeTests;
				PRODUCT_NAME = "$(TARGET_NAME)";
				SWIFT_VERSION = 4.0;
				TARGETED_DEVICE_FAMILY = "1,2";
				TEST_HOST = "$(BUILT_PRODUCTS_DIR)/HourOfCode.app/HourOfCode";
			};
			name = Debug;
		};
		6F3C4DA2206FBD5B00F8B74C /* Release */ = {
			isa = XCBuildConfiguration;
			buildSettings = {
				ALWAYS_EMBED_SWIFT_STANDARD_LIBRARIES = YES;
				BUNDLE_LOADER = "$(TEST_HOST)";
				CODE_SIGN_STYLE = Automatic;
				INFOPLIST_FILE = HourOfCodeTests/Info.plist;
				LD_RUNPATH_SEARCH_PATHS = "$(inherited) @executable_path/Frameworks @loader_path/Frameworks";
				PRODUCT_BUNDLE_IDENTIFIER = kosiv.roksolana.HourOfCodeTests;
				PRODUCT_NAME = "$(TARGET_NAME)";
				SWIFT_VERSION = 4.0;
				TARGETED_DEVICE_FAMILY = "1,2";
				TEST_HOST = "$(BUILT_PRODUCTS_DIR)/HourOfCode.app/HourOfCode";
			};
			name = Release;
		};
		6F3C4DA4206FBD5B00F8B74C /* Debug */ = {
			isa = XCBuildConfiguration;
			buildSettings = {
				ALWAYS_EMBED_SWIFT_STANDARD_LIBRARIES = YES;
				CODE_SIGN_STYLE = Automatic;
				INFOPLIST_FILE = HourOfCodeUITests/Info.plist;
				LD_RUNPATH_SEARCH_PATHS = "$(inherited) @executable_path/Frameworks @loader_path/Frameworks";
				PRODUCT_BUNDLE_IDENTIFIER = kosiv.roksolana.HourOfCodeUITests;
				PRODUCT_NAME = "$(TARGET_NAME)";
				SWIFT_VERSION = 4.0;
				TARGETED_DEVICE_FAMILY = "1,2";
				TEST_TARGET_NAME = HourOfCode;
			};
			name = Debug;
		};
		6F3C4DA5206FBD5B00F8B74C /* Release */ = {
			isa = XCBuildConfiguration;
			buildSettings = {
				ALWAYS_EMBED_SWIFT_STANDARD_LIBRARIES = YES;
				CODE_SIGN_STYLE = Automatic;
				INFOPLIST_FILE = HourOfCodeUITests/Info.plist;
				LD_RUNPATH_SEARCH_PATHS = "$(inherited) @executable_path/Frameworks @loader_path/Frameworks";
				PRODUCT_BUNDLE_IDENTIFIER = kosiv.roksolana.HourOfCodeUITests;
				PRODUCT_NAME = "$(TARGET_NAME)";
				SWIFT_VERSION = 4.0;
				TARGETED_DEVICE_FAMILY = "1,2";
				TEST_TARGET_NAME = HourOfCode;
			};
			name = Release;
		};
/* End XCBuildConfiguration section */

/* Begin XCConfigurationList section */
		6F3C4D6D206FBD5B00F8B74C /* Build configuration list for PBXProject "HourOfCode" */ = {
			isa = XCConfigurationList;
			buildConfigurations = (
				6F3C4D9B206FBD5B00F8B74C /* Debug */,
				6F3C4D9C206FBD5B00F8B74C /* Release */,
			);
			defaultConfigurationIsVisible = 0;
			defaultConfigurationName = Release;
		};
		6F3C4D9D206FBD5B00F8B74C /* Build configuration list for PBXNativeTarget "HourOfCode" */ = {
			isa = XCConfigurationList;
			buildConfigurations = (
				6F3C4D9E206FBD5B00F8B74C /* Debug */,
				6F3C4D9F206FBD5B00F8B74C /* Release */,
			);
			defaultConfigurationIsVisible = 0;
			defaultConfigurationName = Release;
		};
		6F3C4DA0206FBD5B00F8B74C /* Build configuration list for PBXNativeTarget "HourOfCodeTests" */ = {
			isa = XCConfigurationList;
			buildConfigurations = (
				6F3C4DA1206FBD5B00F8B74C /* Debug */,
				6F3C4DA2206FBD5B00F8B74C /* Release */,
			);
			defaultConfigurationIsVisible = 0;
			defaultConfigurationName = Release;
		};
		6F3C4DA3206FBD5B00F8B74C /* Build configuration list for PBXNativeTarget "HourOfCodeUITests" */ = {
			isa = XCConfigurationList;
			buildConfigurations = (
				6F3C4DA4206FBD5B00F8B74C /* Debug */,
				6F3C4DA5206FBD5B00F8B74C /* Release */,
			);
			defaultConfigurationIsVisible = 0;
			defaultConfigurationName = Release;
		};
/* End XCConfigurationList section */

/* Begin XCVersionGroup section */
		6F3C4D7C206FBD5B00F8B74C /* HourOfCode.xcdatamodeld */ = {
			isa = XCVersionGroup;
			children = (
				6F3C4D7D206FBD5B00F8B74C /* HourOfCode.xcdatamodel */,
			);
			currentVersion = 6F3C4D7D206FBD5B00F8B74C /* HourOfCode.xcdatamodel */;
			path = HourOfCode.xcdatamodeld;
			sourceTree = "<group>";
			versionGroupType = wrapper.xcdatamodel;
		};
/* End XCVersionGroup section */
	};
	rootObject = 6F3C4D6A206FBD5B00F8B74C /* Project object */;
}
